// !$*UTF8*$!
{
	archiveVersion = 1;
	classes = {
	};
	objectVersion = 56;
	objects = {

/* Begin PBXBuildFile section */
		8547F2B12968B58E00B1E3E5 /* MeetUpApp.swift in Sources */ = {isa = PBXBuildFile; fileRef = 8547F2B02968B58E00B1E3E5 /* MeetUpApp.swift */; };
		8547F2B32968B58E00B1E3E5 /* ContentView.swift in Sources */ = {isa = PBXBuildFile; fileRef = 8547F2B22968B58E00B1E3E5 /* ContentView.swift */; };
		8547F2B52968B59000B1E3E5 /* Assets.xcassets in Resources */ = {isa = PBXBuildFile; fileRef = 8547F2B42968B59000B1E3E5 /* Assets.xcassets */; };
		8547F2B92968B59000B1E3E5 /* Preview Assets.xcassets in Resources */ = {isa = PBXBuildFile; fileRef = 8547F2B82968B59000B1E3E5 /* Preview Assets.xcassets */; };
		8547F2C32968B59000B1E3E5 /* MeetUpTests.swift in Sources */ = {isa = PBXBuildFile; fileRef = 8547F2C22968B59000B1E3E5 /* MeetUpTests.swift */; };
		8547F2CD2968B59000B1E3E5 /* MeetUpUITests.swift in Sources */ = {isa = PBXBuildFile; fileRef = 8547F2CC2968B59000B1E3E5 /* MeetUpUITests.swift */; };
		8547F2CF2968B59000B1E3E5 /* MeetUpUITestsLaunchTests.swift in Sources */ = {isa = PBXBuildFile; fileRef = 8547F2CE2968B59000B1E3E5 /* MeetUpUITestsLaunchTests.swift */; };
		8547F2DE2968BC1B00B1E3E5 /* AddPersonView.swift in Sources */ = {isa = PBXBuildFile; fileRef = 8547F2DD2968BC1B00B1E3E5 /* AddPersonView.swift */; };
		8547F2E02968D3C700B1E3E5 /* PersonView.swift in Sources */ = {isa = PBXBuildFile; fileRef = 8547F2DF2968D3C700B1E3E5 /* PersonView.swift */; };
		8547F2E62968D73500B1E3E5 /* Data.xcdatamodeld in Sources */ = {isa = PBXBuildFile; fileRef = 8547F2E42968D73500B1E3E5 /* Data.xcdatamodeld */; };
		8547F2E82968D9AB00B1E3E5 /* Persistence.swift in Sources */ = {isa = PBXBuildFile; fileRef = 8547F2E72968D9AB00B1E3E5 /* Persistence.swift */; };
		8547F2ED296A0CDF00B1E3E5 /* AddPersonView-ViewModel.swift in Sources */ = {isa = PBXBuildFile; fileRef = 8547F2EC296A0CDF00B1E3E5 /* AddPersonView-ViewModel.swift */; };
		8547F2EF296A0F0300B1E3E5 /* ImagePicker.swift in Sources */ = {isa = PBXBuildFile; fileRef = 8547F2EE296A0F0300B1E3E5 /* ImagePicker.swift */; };
		8547F2F1296A0F4600B1E3E5 /* ImageSaver.swift in Sources */ = {isa = PBXBuildFile; fileRef = 8547F2F0296A0F4600B1E3E5 /* ImageSaver.swift */; };
/* End PBXBuildFile section */

/* Begin PBXContainerItemProxy section */
		8547F2BF2968B59000B1E3E5 /* PBXContainerItemProxy */ = {
			isa = PBXContainerItemProxy;
			containerPortal = 8547F2A52968B58E00B1E3E5 /* Project object */;
			proxyType = 1;
			remoteGlobalIDString = 8547F2AC2968B58E00B1E3E5;
			remoteInfo = MeetUp;
		};
		8547F2C92968B59000B1E3E5 /* PBXContainerItemProxy */ = {
			isa = PBXContainerItemProxy;
			containerPortal = 8547F2A52968B58E00B1E3E5 /* Project object */;
			proxyType = 1;
			remoteGlobalIDString = 8547F2AC2968B58E00B1E3E5;
			remoteInfo = MeetUp;
		};
/* End PBXContainerItemProxy section */

/* Begin PBXFileReference section */
		8547F2AD2968B58E00B1E3E5 /* MeetUp.app */ = {isa = PBXFileReference; explicitFileType = wrapper.application; includeInIndex = 0; path = MeetUp.app; sourceTree = BUILT_PRODUCTS_DIR; };
		8547F2B02968B58E00B1E3E5 /* MeetUpApp.swift */ = {isa = PBXFileReference; lastKnownFileType = sourcecode.swift; path = MeetUpApp.swift; sourceTree = "<group>"; };
		8547F2B22968B58E00B1E3E5 /* ContentView.swift */ = {isa = PBXFileReference; lastKnownFileType = sourcecode.swift; path = ContentView.swift; sourceTree = "<group>"; };
		8547F2B42968B59000B1E3E5 /* Assets.xcassets */ = {isa = PBXFileReference; lastKnownFileType = folder.assetcatalog; path = Assets.xcassets; sourceTree = "<group>"; };
		8547F2B62968B59000B1E3E5 /* MeetUp.entitlements */ = {isa = PBXFileReference; lastKnownFileType = text.plist.entitlements; path = MeetUp.entitlements; sourceTree = "<group>"; };
		8547F2B82968B59000B1E3E5 /* Preview Assets.xcassets */ = {isa = PBXFileReference; lastKnownFileType = folder.assetcatalog; path = "Preview Assets.xcassets"; sourceTree = "<group>"; };
		8547F2BE2968B59000B1E3E5 /* MeetUpTests.xctest */ = {isa = PBXFileReference; explicitFileType = wrapper.cfbundle; includeInIndex = 0; path = MeetUpTests.xctest; sourceTree = BUILT_PRODUCTS_DIR; };
		8547F2C22968B59000B1E3E5 /* MeetUpTests.swift */ = {isa = PBXFileReference; lastKnownFileType = sourcecode.swift; path = MeetUpTests.swift; sourceTree = "<group>"; };
		8547F2C82968B59000B1E3E5 /* MeetUpUITests.xctest */ = {isa = PBXFileReference; explicitFileType = wrapper.cfbundle; includeInIndex = 0; path = MeetUpUITests.xctest; sourceTree = BUILT_PRODUCTS_DIR; };
		8547F2CC2968B59000B1E3E5 /* MeetUpUITests.swift */ = {isa = PBXFileReference; lastKnownFileType = sourcecode.swift; path = MeetUpUITests.swift; sourceTree = "<group>"; };
		8547F2CE2968B59000B1E3E5 /* MeetUpUITestsLaunchTests.swift */ = {isa = PBXFileReference; lastKnownFileType = sourcecode.swift; path = MeetUpUITestsLaunchTests.swift; sourceTree = "<group>"; };
		8547F2DD2968BC1B00B1E3E5 /* AddPersonView.swift */ = {isa = PBXFileReference; lastKnownFileType = sourcecode.swift; path = AddPersonView.swift; sourceTree = "<group>"; };
		8547F2DF2968D3C700B1E3E5 /* PersonView.swift */ = {isa = PBXFileReference; lastKnownFileType = sourcecode.swift; path = PersonView.swift; sourceTree = "<group>"; };
		8547F2E52968D73500B1E3E5 /* Person.xcdatamodel */ = {isa = PBXFileReference; lastKnownFileType = wrapper.xcdatamodel; path = Person.xcdatamodel; sourceTree = "<group>"; };
		8547F2E72968D9AB00B1E3E5 /* Persistence.swift */ = {isa = PBXFileReference; lastKnownFileType = sourcecode.swift; path = Persistence.swift; sourceTree = "<group>"; };
		8547F2EC296A0CDF00B1E3E5 /* AddPersonView-ViewModel.swift */ = {isa = PBXFileReference; lastKnownFileType = sourcecode.swift; path = "AddPersonView-ViewModel.swift"; sourceTree = "<group>"; };
		8547F2EE296A0F0300B1E3E5 /* ImagePicker.swift */ = {isa = PBXFileReference; lastKnownFileType = sourcecode.swift; path = ImagePicker.swift; sourceTree = "<group>"; };
		8547F2F0296A0F4600B1E3E5 /* ImageSaver.swift */ = {isa = PBXFileReference; lastKnownFileType = sourcecode.swift; path = ImageSaver.swift; sourceTree = "<group>"; };
/* End PBXFileReference section */

/* Begin PBXFrameworksBuildPhase section */
		8547F2AA2968B58E00B1E3E5 /* Frameworks */ = {
			isa = PBXFrameworksBuildPhase;
			buildActionMask = 2147483647;
			files = (
			);
			runOnlyForDeploymentPostprocessing = 0;
		};
		8547F2BB2968B59000B1E3E5 /* Frameworks */ = {
			isa = PBXFrameworksBuildPhase;
			buildActionMask = 2147483647;
			files = (
			);
			runOnlyForDeploymentPostprocessing = 0;
		};
		8547F2C52968B59000B1E3E5 /* Frameworks */ = {
			isa = PBXFrameworksBuildPhase;
			buildActionMask = 2147483647;
			files = (
			);
			runOnlyForDeploymentPostprocessing = 0;
		};
/* End PBXFrameworksBuildPhase section */

/* Begin PBXGroup section */
		8547F2A42968B58E00B1E3E5 = {
			isa = PBXGroup;
			children = (
				8547F2AF2968B58E00B1E3E5 /* MeetUp */,
				8547F2C12968B59000B1E3E5 /* MeetUpTests */,
				8547F2CB2968B59000B1E3E5 /* MeetUpUITests */,
				8547F2AE2968B58E00B1E3E5 /* Products */,
			);
			sourceTree = "<group>";
		};
		8547F2AE2968B58E00B1E3E5 /* Products */ = {
			isa = PBXGroup;
			children = (
				8547F2AD2968B58E00B1E3E5 /* MeetUp.app */,
				8547F2BE2968B59000B1E3E5 /* MeetUpTests.xctest */,
				8547F2C82968B59000B1E3E5 /* MeetUpUITests.xctest */,
			);
			name = Products;
			sourceTree = "<group>";
		};
		8547F2AF2968B58E00B1E3E5 /* MeetUp */ = {
			isa = PBXGroup;
			children = (
				8547F2EB296A0B6300B1E3E5 /* ViewModel */,
				8547F2E12968D40A00B1E3E5 /* Data */,
				8547F2DB2968B92A00B1E3E5 /* View */,
				8547F2DC2968B93100B1E3E5 /* Model */,
				8547F2B02968B58E00B1E3E5 /* MeetUpApp.swift */,
				8547F2B42968B59000B1E3E5 /* Assets.xcassets */,
				8547F2B62968B59000B1E3E5 /* MeetUp.entitlements */,
				8547F2B72968B59000B1E3E5 /* Preview Content */,
			);
			path = MeetUp;
			sourceTree = "<group>";
		};
		8547F2B72968B59000B1E3E5 /* Preview Content */ = {
			isa = PBXGroup;
			children = (
				8547F2B82968B59000B1E3E5 /* Preview Assets.xcassets */,
			);
			path = "Preview Content";
			sourceTree = "<group>";
		};
		8547F2C12968B59000B1E3E5 /* MeetUpTests */ = {
			isa = PBXGroup;
			children = (
				8547F2C22968B59000B1E3E5 /* MeetUpTests.swift */,
			);
			path = MeetUpTests;
			sourceTree = "<group>";
		};
		8547F2CB2968B59000B1E3E5 /* MeetUpUITests */ = {
			isa = PBXGroup;
			children = (
				8547F2CC2968B59000B1E3E5 /* MeetUpUITests.swift */,
				8547F2CE2968B59000B1E3E5 /* MeetUpUITestsLaunchTests.swift */,
			);
			path = MeetUpUITests;
			sourceTree = "<group>";
		};
		8547F2DB2968B92A00B1E3E5 /* View */ = {
			isa = PBXGroup;
			children = (
				8547F2B22968B58E00B1E3E5 /* ContentView.swift */,
				8547F2DD2968BC1B00B1E3E5 /* AddPersonView.swift */,
				8547F2DF2968D3C700B1E3E5 /* PersonView.swift */,
			);
			path = View;
			sourceTree = "<group>";
		};
		8547F2DC2968B93100B1E3E5 /* Model */ = {
			isa = PBXGroup;
			children = (
				8547F2E72968D9AB00B1E3E5 /* Persistence.swift */,
				8547F2EE296A0F0300B1E3E5 /* ImagePicker.swift */,
				8547F2F0296A0F4600B1E3E5 /* ImageSaver.swift */,
			);
			path = Model;
			sourceTree = "<group>";
		};
		8547F2E12968D40A00B1E3E5 /* Data */ = {
			isa = PBXGroup;
			children = (
				8547F2E42968D73500B1E3E5 /* Data.xcdatamodeld */,
			);
			path = Data;
			sourceTree = "<group>";
		};
		8547F2EB296A0B6300B1E3E5 /* ViewModel */ = {
			isa = PBXGroup;
			children = (
				8547F2EC296A0CDF00B1E3E5 /* AddPersonView-ViewModel.swift */,
			);
			path = ViewModel;
			sourceTree = "<group>";
		};
/* End PBXGroup section */

/* Begin PBXNativeTarget section */
		8547F2AC2968B58E00B1E3E5 /* MeetUp */ = {
			isa = PBXNativeTarget;
			buildConfigurationList = 8547F2D22968B59000B1E3E5 /* Build configuration list for PBXNativeTarget "MeetUp" */;
			buildPhases = (
				8547F2A92968B58E00B1E3E5 /* Sources */,
				8547F2AA2968B58E00B1E3E5 /* Frameworks */,
				8547F2AB2968B58E00B1E3E5 /* Resources */,
			);
			buildRules = (
			);
			dependencies = (
			);
			name = MeetUp;
			productName = MeetUp;
			productReference = 8547F2AD2968B58E00B1E3E5 /* MeetUp.app */;
			productType = "com.apple.product-type.application";
		};
		8547F2BD2968B59000B1E3E5 /* MeetUpTests */ = {
			isa = PBXNativeTarget;
			buildConfigurationList = 8547F2D52968B59000B1E3E5 /* Build configuration list for PBXNativeTarget "MeetUpTests" */;
			buildPhases = (
				8547F2BA2968B59000B1E3E5 /* Sources */,
				8547F2BB2968B59000B1E3E5 /* Frameworks */,
				8547F2BC2968B59000B1E3E5 /* Resources */,
			);
			buildRules = (
			);
			dependencies = (
				8547F2C02968B59000B1E3E5 /* PBXTargetDependency */,
			);
			name = MeetUpTests;
			productName = MeetUpTests;
			productReference = 8547F2BE2968B59000B1E3E5 /* MeetUpTests.xctest */;
			productType = "com.apple.product-type.bundle.unit-test";
		};
		8547F2C72968B59000B1E3E5 /* MeetUpUITests */ = {
			isa = PBXNativeTarget;
			buildConfigurationList = 8547F2D82968B59000B1E3E5 /* Build configuration list for PBXNativeTarget "MeetUpUITests" */;
			buildPhases = (
				8547F2C42968B59000B1E3E5 /* Sources */,
				8547F2C52968B59000B1E3E5 /* Frameworks */,
				8547F2C62968B59000B1E3E5 /* Resources */,
			);
			buildRules = (
			);
			dependencies = (
				8547F2CA2968B59000B1E3E5 /* PBXTargetDependency */,
			);
			name = MeetUpUITests;
			productName = MeetUpUITests;
			productReference = 8547F2C82968B59000B1E3E5 /* MeetUpUITests.xctest */;
			productType = "com.apple.product-type.bundle.ui-testing";
		};
/* End PBXNativeTarget section */

/* Begin PBXProject section */
		8547F2A52968B58E00B1E3E5 /* Project object */ = {
			isa = PBXProject;
			attributes = {
				BuildIndependentTargetsInParallel = 1;
				LastSwiftUpdateCheck = 1420;
				LastUpgradeCheck = 1420;
				TargetAttributes = {
					8547F2AC2968B58E00B1E3E5 = {
						CreatedOnToolsVersion = 14.2;
					};
					8547F2BD2968B59000B1E3E5 = {
						CreatedOnToolsVersion = 14.2;
						TestTargetID = 8547F2AC2968B58E00B1E3E5;
					};
					8547F2C72968B59000B1E3E5 = {
						CreatedOnToolsVersion = 14.2;
						TestTargetID = 8547F2AC2968B58E00B1E3E5;
					};
				};
			};
			buildConfigurationList = 8547F2A82968B58E00B1E3E5 /* Build configuration list for PBXProject "MeetUp" */;
			compatibilityVersion = "Xcode 14.0";
			developmentRegion = en;
			hasScannedForEncodings = 0;
			knownRegions = (
				en,
				Base,
			);
			mainGroup = 8547F2A42968B58E00B1E3E5;
			productRefGroup = 8547F2AE2968B58E00B1E3E5 /* Products */;
			projectDirPath = "";
			projectRoot = "";
			targets = (
				8547F2AC2968B58E00B1E3E5 /* MeetUp */,
				8547F2BD2968B59000B1E3E5 /* MeetUpTests */,
				8547F2C72968B59000B1E3E5 /* MeetUpUITests */,
			);
		};
/* End PBXProject section */

/* Begin PBXResourcesBuildPhase section */
		8547F2AB2968B58E00B1E3E5 /* Resources */ = {
			isa = PBXResourcesBuildPhase;
			buildActionMask = 2147483647;
			files = (
				8547F2B92968B59000B1E3E5 /* Preview Assets.xcassets in Resources */,
				8547F2B52968B59000B1E3E5 /* Assets.xcassets in Resources */,
			);
			runOnlyForDeploymentPostprocessing = 0;
		};
		8547F2BC2968B59000B1E3E5 /* Resources */ = {
			isa = PBXResourcesBuildPhase;
			buildActionMask = 2147483647;
			files = (
			);
			runOnlyForDeploymentPostprocessing = 0;
		};
		8547F2C62968B59000B1E3E5 /* Resources */ = {
			isa = PBXResourcesBuildPhase;
			buildActionMask = 2147483647;
			files = (
			);
			runOnlyForDeploymentPostprocessing = 0;
		};
/* End PBXResourcesBuildPhase section */

/* Begin PBXSourcesBuildPhase section */
		8547F2A92968B58E00B1E3E5 /* Sources */ = {
			isa = PBXSourcesBuildPhase;
			buildActionMask = 2147483647;
			files = (
				8547F2B32968B58E00B1E3E5 /* ContentView.swift in Sources */,
				8547F2E02968D3C700B1E3E5 /* PersonView.swift in Sources */,
				8547F2ED296A0CDF00B1E3E5 /* AddPersonView-ViewModel.swift in Sources */,
				8547F2B12968B58E00B1E3E5 /* MeetUpApp.swift in Sources */,
				8547F2F1296A0F4600B1E3E5 /* ImageSaver.swift in Sources */,
				8547F2E82968D9AB00B1E3E5 /* Persistence.swift in Sources */,
				8547F2EF296A0F0300B1E3E5 /* ImagePicker.swift in Sources */,
				8547F2E62968D73500B1E3E5 /* Data.xcdatamodeld in Sources */,
				8547F2DE2968BC1B00B1E3E5 /* AddPersonView.swift in Sources */,
			);
			runOnlyForDeploymentPostprocessing = 0;
		};
		8547F2BA2968B59000B1E3E5 /* Sources */ = {
			isa = PBXSourcesBuildPhase;
			buildActionMask = 2147483647;
			files = (
				8547F2C32968B59000B1E3E5 /* MeetUpTests.swift in Sources */,
			);
			runOnlyForDeploymentPostprocessing = 0;
		};
		8547F2C42968B59000B1E3E5 /* Sources */ = {
			isa = PBXSourcesBuildPhase;
			buildActionMask = 2147483647;
			files = (
				8547F2CF2968B59000B1E3E5 /* MeetUpUITestsLaunchTests.swift in Sources */,
				8547F2CD2968B59000B1E3E5 /* MeetUpUITests.swift in Sources */,
			);
			runOnlyForDeploymentPostprocessing = 0;
		};
/* End PBXSourcesBuildPhase section */

/* Begin PBXTargetDependency section */
		8547F2C02968B59000B1E3E5 /* PBXTargetDependency */ = {
			isa = PBXTargetDependency;
			target = 8547F2AC2968B58E00B1E3E5 /* MeetUp */;
			targetProxy = 8547F2BF2968B59000B1E3E5 /* PBXContainerItemProxy */;
		};
		8547F2CA2968B59000B1E3E5 /* PBXTargetDependency */ = {
			isa = PBXTargetDependency;
			target = 8547F2AC2968B58E00B1E3E5 /* MeetUp */;
			targetProxy = 8547F2C92968B59000B1E3E5 /* PBXContainerItemProxy */;
		};
/* End PBXTargetDependency section */

/* Begin XCBuildConfiguration section */
		8547F2D02968B59000B1E3E5 /* Debug */ = {
			isa = XCBuildConfiguration;
			buildSettings = {
				ALWAYS_SEARCH_USER_PATHS = NO;
				CLANG_ANALYZER_NONNULL = YES;
				CLANG_ANALYZER_NUMBER_OBJECT_CONVERSION = YES_AGGRESSIVE;
				CLANG_CXX_LANGUAGE_STANDARD = "gnu++20";
				CLANG_ENABLE_MODULES = YES;
				CLANG_ENABLE_OBJC_ARC = YES;
				CLANG_ENABLE_OBJC_WEAK = YES;
				CLANG_WARN_BLOCK_CAPTURE_AUTORELEASING = YES;
				CLANG_WARN_BOOL_CONVERSION = YES;
				CLANG_WARN_COMMA = YES;
				CLANG_WARN_CONSTANT_CONVERSION = YES;
				CLANG_WARN_DEPRECATED_OBJC_IMPLEMENTATIONS = YES;
				CLANG_WARN_DIRECT_OBJC_ISA_USAGE = YES_ERROR;
				CLANG_WARN_DOCUMENTATION_COMMENTS = YES;
				CLANG_WARN_EMPTY_BODY = YES;
				CLANG_WARN_ENUM_CONVERSION = YES;
				CLANG_WARN_INFINITE_RECURSION = YES;
				CLANG_WARN_INT_CONVERSION = YES;
				CLANG_WARN_NON_LITERAL_NULL_CONVERSION = YES;
				CLANG_WARN_OBJC_IMPLICIT_RETAIN_SELF = YES;
				CLANG_WARN_OBJC_LITERAL_CONVERSION = YES;
				CLANG_WARN_OBJC_ROOT_CLASS = YES_ERROR;
				CLANG_WARN_QUOTED_INCLUDE_IN_FRAMEWORK_HEADER = YES;
				CLANG_WARN_RANGE_LOOP_ANALYSIS = YES;
				CLANG_WARN_STRICT_PROTOTYPES = YES;
				CLANG_WARN_SUSPICIOUS_MOVE = YES;
				CLANG_WARN_UNGUARDED_AVAILABILITY = YES_AGGRESSIVE;
				CLANG_WARN_UNREACHABLE_CODE = YES;
				CLANG_WARN__DUPLICATE_METHOD_MATCH = YES;
				COPY_PHASE_STRIP = NO;
				DEBUG_INFORMATION_FORMAT = dwarf;
				ENABLE_STRICT_OBJC_MSGSEND = YES;
				ENABLE_TESTABILITY = YES;
				GCC_C_LANGUAGE_STANDARD = gnu11;
				GCC_DYNAMIC_NO_PIC = NO;
				GCC_NO_COMMON_BLOCKS = YES;
				GCC_OPTIMIZATION_LEVEL = 0;
				GCC_PREPROCESSOR_DEFINITIONS = (
					"DEBUG=1",
					"$(inherited)",
				);
				GCC_WARN_64_TO_32_BIT_CONVERSION = YES;
				GCC_WARN_ABOUT_RETURN_TYPE = YES_ERROR;
				GCC_WARN_UNDECLARED_SELECTOR = YES;
				GCC_WARN_UNINITIALIZED_AUTOS = YES_AGGRESSIVE;
				GCC_WARN_UNUSED_FUNCTION = YES;
				GCC_WARN_UNUSED_VARIABLE = YES;
				MTL_ENABLE_DEBUG_INFO = INCLUDE_SOURCE;
				MTL_FAST_MATH = YES;
				ONLY_ACTIVE_ARCH = YES;
				SWIFT_ACTIVE_COMPILATION_CONDITIONS = DEBUG;
				SWIFT_OPTIMIZATION_LEVEL = "-Onone";
			};
			name = Debug;
		};
		8547F2D12968B59000B1E3E5 /* Release */ = {
			isa = XCBuildConfiguration;
			buildSettings = {
				ALWAYS_SEARCH_USER_PATHS = NO;
				CLANG_ANALYZER_NONNULL = YES;
				CLANG_ANALYZER_NUMBER_OBJECT_CONVERSION = YES_AGGRESSIVE;
				CLANG_CXX_LANGUAGE_STANDARD = "gnu++20";
				CLANG_ENABLE_MODULES = YES;
				CLANG_ENABLE_OBJC_ARC = YES;
				CLANG_ENABLE_OBJC_WEAK = YES;
				CLANG_WARN_BLOCK_CAPTURE_AUTORELEASING = YES;
				CLANG_WARN_BOOL_CONVERSION = YES;
				CLANG_WARN_COMMA = YES;
				CLANG_WARN_CONSTANT_CONVERSION = YES;
				CLANG_WARN_DEPRECATED_OBJC_IMPLEMENTATIONS = YES;
				CLANG_WARN_DIRECT_OBJC_ISA_USAGE = YES_ERROR;
				CLANG_WARN_DOCUMENTATION_COMMENTS = YES;
				CLANG_WARN_EMPTY_BODY = YES;
				CLANG_WARN_ENUM_CONVERSION = YES;
				CLANG_WARN_INFINITE_RECURSION = YES;
				CLANG_WARN_INT_CONVERSION = YES;
				CLANG_WARN_NON_LITERAL_NULL_CONVERSION = YES;
				CLANG_WARN_OBJC_IMPLICIT_RETAIN_SELF = YES;
				CLANG_WARN_OBJC_LITERAL_CONVERSION = YES;
				CLANG_WARN_OBJC_ROOT_CLASS = YES_ERROR;
				CLANG_WARN_QUOTED_INCLUDE_IN_FRAMEWORK_HEADER = YES;
				CLANG_WARN_RANGE_LOOP_ANALYSIS = YES;
				CLANG_WARN_STRICT_PROTOTYPES = YES;
				CLANG_WARN_SUSPICIOUS_MOVE = YES;
				CLANG_WARN_UNGUARDED_AVAILABILITY = YES_AGGRESSIVE;
				CLANG_WARN_UNREACHABLE_CODE = YES;
				CLANG_WARN__DUPLICATE_METHOD_MATCH = YES;
				COPY_PHASE_STRIP = NO;
				DEBUG_INFORMATION_FORMAT = "dwarf-with-dsym";
				ENABLE_NS_ASSERTIONS = NO;
				ENABLE_STRICT_OBJC_MSGSEND = YES;
				GCC_C_LANGUAGE_STANDARD = gnu11;
				GCC_NO_COMMON_BLOCKS = YES;
				GCC_WARN_64_TO_32_BIT_CONVERSION = YES;
				GCC_WARN_ABOUT_RETURN_TYPE = YES_ERROR;
				GCC_WARN_UNDECLARED_SELECTOR = YES;
				GCC_WARN_UNINITIALIZED_AUTOS = YES_AGGRESSIVE;
				GCC_WARN_UNUSED_FUNCTION = YES;
				GCC_WARN_UNUSED_VARIABLE = YES;
				MTL_ENABLE_DEBUG_INFO = NO;
				MTL_FAST_MATH = YES;
				SWIFT_COMPILATION_MODE = wholemodule;
				SWIFT_OPTIMIZATION_LEVEL = "-O";
			};
			name = Release;
		};
		8547F2D32968B59000B1E3E5 /* Debug */ = {
			isa = XCBuildConfiguration;
			buildSettings = {
				ASSETCATALOG_COMPILER_APPICON_NAME = AppIcon;
				ASSETCATALOG_COMPILER_GLOBAL_ACCENT_COLOR_NAME = AccentColor;
				CODE_SIGN_ENTITLEMENTS = MeetUp/MeetUp.entitlements;
				CODE_SIGN_STYLE = Automatic;
				CURRENT_PROJECT_VERSION = 1;
				DEVELOPMENT_ASSET_PATHS = "\"MeetUp/Preview Content\"";
				ENABLE_PREVIEWS = YES;
				GENERATE_INFOPLIST_FILE = YES;
				"INFOPLIST_KEY_UIApplicationSceneManifest_Generation[sdk=iphoneos*]" = YES;
				"INFOPLIST_KEY_UIApplicationSceneManifest_Generation[sdk=iphonesimulator*]" = YES;
				"INFOPLIST_KEY_UIApplicationSupportsIndirectInputEvents[sdk=iphoneos*]" = YES;
				"INFOPLIST_KEY_UIApplicationSupportsIndirectInputEvents[sdk=iphonesimulator*]" = YES;
				"INFOPLIST_KEY_UILaunchScreen_Generation[sdk=iphoneos*]" = YES;
				"INFOPLIST_KEY_UILaunchScreen_Generation[sdk=iphonesimulator*]" = YES;
				"INFOPLIST_KEY_UIStatusBarStyle[sdk=iphoneos*]" = UIStatusBarStyleDefault;
				"INFOPLIST_KEY_UIStatusBarStyle[sdk=iphonesimulator*]" = UIStatusBarStyleDefault;
				INFOPLIST_KEY_UISupportedInterfaceOrientations_iPad = "UIInterfaceOrientationPortrait UIInterfaceOrientationPortraitUpsideDown UIInterfaceOrientationLandscapeLeft UIInterfaceOrientationLandscapeRight";
				INFOPLIST_KEY_UISupportedInterfaceOrientations_iPhone = "UIInterfaceOrientationPortrait UIInterfaceOrientationLandscapeLeft UIInterfaceOrientationLandscapeRight";
				IPHONEOS_DEPLOYMENT_TARGET = 16.2;
				LD_RUNPATH_SEARCH_PATHS = "@executable_path/Frameworks";
				"LD_RUNPATH_SEARCH_PATHS[sdk=macosx*]" = "@executable_path/../Frameworks";
				MACOSX_DEPLOYMENT_TARGET = 13.1;
				MARKETING_VERSION = 1.0;
				PRODUCT_BUNDLE_IDENTIFIER = orlandomoraesmartins.MeetUp;
				PRODUCT_NAME = "$(TARGET_NAME)";
				SDKROOT = auto;
				SUPPORTED_PLATFORMS = "iphoneos iphonesimulator macosx";
				SWIFT_EMIT_LOC_STRINGS = YES;
				SWIFT_VERSION = 5.0;
				TARGETED_DEVICE_FAMILY = "1,2";
			};
			name = Debug;
		};
		8547F2D42968B59000B1E3E5 /* Release */ = {
			isa = XCBuildConfiguration;
			buildSettings = {
				ASSETCATALOG_COMPILER_APPICON_NAME = AppIcon;
				ASSETCATALOG_COMPILER_GLOBAL_ACCENT_COLOR_NAME = AccentColor;
				CODE_SIGN_ENTITLEMENTS = MeetUp/MeetUp.entitlements;
				CODE_SIGN_STYLE = Automatic;
				CURRENT_PROJECT_VERSION = 1;
				DEVELOPMENT_ASSET_PATHS = "\"MeetUp/Preview Content\"";
				ENABLE_PREVIEWS = YES;
				GENERATE_INFOPLIST_FILE = YES;
				"INFOPLIST_KEY_UIApplicationSceneManifest_Generation[sdk=iphoneos*]" = YES;
				"INFOPLIST_KEY_UIApplicationSceneManifest_Generation[sdk=iphonesimulator*]" = YES;
				"INFOPLIST_KEY_UIApplicationSupportsIndirectInputEvents[sdk=iphoneos*]" = YES;
				"INFOPLIST_KEY_UIApplicationSupportsIndirectInputEvents[sdk=iphonesimulator*]" = YES;
				"INFOPLIST_KEY_UILaunchScreen_Generation[sdk=iphoneos*]" = YES;
				"INFOPLIST_KEY_UILaunchScreen_Generation[sdk=iphonesimulator*]" = YES;
				"INFOPLIST_KEY_UIStatusBarStyle[sdk=iphoneos*]" = UIStatusBarStyleDefault;
				"INFOPLIST_KEY_UIStatusBarStyle[sdk=iphonesimulator*]" = UIStatusBarStyleDefault;
				INFOPLIST_KEY_UISupportedInterfaceOrientations_iPad = "UIInterfaceOrientationPortrait UIInterfaceOrientationPortraitUpsideDown UIInterfaceOrientationLandscapeLeft UIInterfaceOrientationLandscapeRight";
				INFOPLIST_KEY_UISupportedInterfaceOrientations_iPhone = "UIInterfaceOrientationPortrait UIInterfaceOrientationLandscapeLeft UIInterfaceOrientationLandscapeRight";
				IPHONEOS_DEPLOYMENT_TARGET = 16.2;
				LD_RUNPATH_SEARCH_PATHS = "@executable_path/Frameworks";
				"LD_RUNPATH_SEARCH_PATHS[sdk=macosx*]" = "@executable_path/../Frameworks";
				MACOSX_DEPLOYMENT_TARGET = 13.1;
				MARKETING_VERSION = 1.0;
				PRODUCT_BUNDLE_IDENTIFIER = orlandomoraesmartins.MeetUp;
				PRODUCT_NAME = "$(TARGET_NAME)";
				SDKROOT = auto;
				SUPPORTED_PLATFORMS = "iphoneos iphonesimulator macosx";
				SWIFT_EMIT_LOC_STRINGS = YES;
				SWIFT_VERSION = 5.0;
				TARGETED_DEVICE_FAMILY = "1,2";
			};
			name = Release;
		};
		8547F2D62968B59000B1E3E5 /* Debug */ = {
			isa = XCBuildConfiguration;
			buildSettings = {
				ALWAYS_EMBED_SWIFT_STANDARD_LIBRARIES = YES;
				BUNDLE_LOADER = "$(TEST_HOST)";
				CODE_SIGN_STYLE = Automatic;
				CURRENT_PROJECT_VERSION = 1;
				GENERATE_INFOPLIST_FILE = YES;
				IPHONEOS_DEPLOYMENT_TARGET = 16.2;
				MACOSX_DEPLOYMENT_TARGET = 13.1;
				MARKETING_VERSION = 1.0;
				PRODUCT_BUNDLE_IDENTIFIER = orlandomoraesmartins.MeetUpTests;
				PRODUCT_NAME = "$(TARGET_NAME)";
				SDKROOT = auto;
				SUPPORTED_PLATFORMS = "iphoneos iphonesimulator macosx";
				SWIFT_EMIT_LOC_STRINGS = NO;
				SWIFT_VERSION = 5.0;
				TARGETED_DEVICE_FAMILY = "1,2";
				TEST_HOST = "$(BUILT_PRODUCTS_DIR)/MeetUp.app/$(BUNDLE_EXECUTABLE_FOLDER_PATH)/MeetUp";
			};
			name = Debug;
		};
		8547F2D72968B59000B1E3E5 /* Release */ = {
			isa = XCBuildConfiguration;
			buildSettings = {
				ALWAYS_EMBED_SWIFT_STANDARD_LIBRARIES = YES;
				BUNDLE_LOADER = "$(TEST_HOST)";
				CODE_SIGN_STYLE = Automatic;
				CURRENT_PROJECT_VERSION = 1;
				GENERATE_INFOPLIST_FILE = YES;
				IPHONEOS_DEPLOYMENT_TARGET = 16.2;
				MACOSX_DEPLOYMENT_TARGET = 13.1;
				MARKETING_VERSION = 1.0;
				PRODUCT_BUNDLE_IDENTIFIER = orlandomoraesmartins.MeetUpTests;
				PRODUCT_NAME = "$(TARGET_NAME)";
				SDKROOT = auto;
				SUPPORTED_PLATFORMS = "iphoneos iphonesimulator macosx";
				SWIFT_EMIT_LOC_STRINGS = NO;
				SWIFT_VERSION = 5.0;
				TARGETED_DEVICE_FAMILY = "1,2";
				TEST_HOST = "$(BUILT_PRODUCTS_DIR)/MeetUp.app/$(BUNDLE_EXECUTABLE_FOLDER_PATH)/MeetUp";
			};
			name = Release;
		};
		8547F2D92968B59000B1E3E5 /* Debug */ = {
			isa = XCBuildConfiguration;
			buildSettings = {
				ALWAYS_EMBED_SWIFT_STANDARD_LIBRARIES = YES;
				CODE_SIGN_STYLE = Automatic;
				CURRENT_PROJECT_VERSION = 1;
				GENERATE_INFOPLIST_FILE = YES;
				IPHONEOS_DEPLOYMENT_TARGET = 16.2;
				MACOSX_DEPLOYMENT_TARGET = 13.1;
				MARKETING_VERSION = 1.0;
				PRODUCT_BUNDLE_IDENTIFIER = orlandomoraesmartins.MeetUpUITests;
				PRODUCT_NAME = "$(TARGET_NAME)";
				SDKROOT = auto;
				SUPPORTED_PLATFORMS = "iphoneos iphonesimulator macosx";
				SWIFT_EMIT_LOC_STRINGS = NO;
				SWIFT_VERSION = 5.0;
				TARGETED_DEVICE_FAMILY = "1,2";
				TEST_TARGET_NAME = MeetUp;
			};
			name = Debug;
		};
		8547F2DA2968B59000B1E3E5 /* Release */ = {
			isa = XCBuildConfiguration;
			buildSettings = {
				ALWAYS_EMBED_SWIFT_STANDARD_LIBRARIES = YES;
				CODE_SIGN_STYLE = Automatic;
				CURRENT_PROJECT_VERSION = 1;
				GENERATE_INFOPLIST_FILE = YES;
				IPHONEOS_DEPLOYMENT_TARGET = 16.2;
				MACOSX_DEPLOYMENT_TARGET = 13.1;
				MARKETING_VERSION = 1.0;
				PRODUCT_BUNDLE_IDENTIFIER = orlandomoraesmartins.MeetUpUITests;
				PRODUCT_NAME = "$(TARGET_NAME)";
				SDKROOT = auto;
				SUPPORTED_PLATFORMS = "iphoneos iphonesimulator macosx";
				SWIFT_EMIT_LOC_STRINGS = NO;
				SWIFT_VERSION = 5.0;
				TARGETED_DEVICE_FAMILY = "1,2";
				TEST_TARGET_NAME = MeetUp;
			};
			name = Release;
		};
/* End XCBuildConfiguration section */

/* Begin XCConfigurationList section */
		8547F2A82968B58E00B1E3E5 /* Build configuration list for PBXProject "MeetUp" */ = {
			isa = XCConfigurationList;
			buildConfigurations = (
				8547F2D02968B59000B1E3E5 /* Debug */,
				8547F2D12968B59000B1E3E5 /* Release */,
			);
			defaultConfigurationIsVisible = 0;
			defaultConfigurationName = Release;
		};
		8547F2D22968B59000B1E3E5 /* Build configuration list for PBXNativeTarget "MeetUp" */ = {
			isa = XCConfigurationList;
			buildConfigurations = (
				8547F2D32968B59000B1E3E5 /* Debug */,
				8547F2D42968B59000B1E3E5 /* Release */,
			);
			defaultConfigurationIsVisible = 0;
			defaultConfigurationName = Release;
		};
		8547F2D52968B59000B1E3E5 /* Build configuration list for PBXNativeTarget "MeetUpTests" */ = {
			isa = XCConfigurationList;
			buildConfigurations = (
				8547F2D62968B59000B1E3E5 /* Debug */,
				8547F2D72968B59000B1E3E5 /* Release */,
			);
			defaultConfigurationIsVisible = 0;
			defaultConfigurationName = Release;
		};
		8547F2D82968B59000B1E3E5 /* Build configuration list for PBXNativeTarget "MeetUpUITests" */ = {
			isa = XCConfigurationList;
			buildConfigurations = (
				8547F2D92968B59000B1E3E5 /* Debug */,
				8547F2DA2968B59000B1E3E5 /* Release */,
			);
			defaultConfigurationIsVisible = 0;
			defaultConfigurationName = Release;
		};
/* End XCConfigurationList section */

/* Begin XCVersionGroup section */
		8547F2E42968D73500B1E3E5 /* Data.xcdatamodeld */ = {
			isa = XCVersionGroup;
			children = (
				8547F2E52968D73500B1E3E5 /* Person.xcdatamodel */,
			);
			currentVersion = 8547F2E52968D73500B1E3E5 /* Person.xcdatamodel */;
			path = Data.xcdatamodeld;
			sourceTree = "<group>";
			versionGroupType = wrapper.xcdatamodel;
		};
/* End XCVersionGroup section */
	};
	rootObject = 8547F2A52968B58E00B1E3E5 /* Project object */;
}
